
Microsoft Visual Studio Solution File, Format Version 12.00
# Visual Studio Version 17
VisualStudioVersion = 17.3.32922.545
MinimumVisualStudioVersion = 10.0.40219.1
Project("{888888A0-9F3D-457C-B088-3A5042F75D52}") = "VepleyRunAI", "VepleyRunAI.pyproj", "{B0013BFB-AE20-4B19-B475-A76A9936E761}"
EndProject
Global
	GlobalSection(SolutionConfigurationPlatforms) = preSolution
		Debug|Any CPU = Debug|Any CPU
		Release|Any CPU = Release|Any CPU
	EndGlobalSection
	GlobalSection(ProjectConfigurationPlatforms) = postSolution
		{B0013BFB-AE20-4B19-B475-A76A9936E761}.Debug|Any CPU.ActiveCfg = Debug|Any CPU
		{B0013BFB-AE20-4B19-B475-A76A9936E761}.Release|Any CPU.ActiveCfg = Release|Any CPU
	EndGlobalSection
	GlobalSection(SolutionProperties) = preSolution
		HideSolutionNode = FALSE
	EndGlobalSection
	GlobalSection(ExtensibilityGlobals) = postSolution
		SolutionGuid = {682AB66B-C993-4D26-B8D7-04EB6F6E0E68}
	EndGlobalSection
EndGlobal
